
Microsoft Visual Studio Solution File, Format Version 12.00
# Visual Studio 15
VisualStudioVersion = 15.0.27130.2027
MinimumVisualStudioVersion = 10.0.40219.1
Project("{8BC9CEB8-8B4A-11D0-8D11-00A0C91BC942}") = "zad1", "zad1\zad1.vcxproj", "{A84E397C-D80B-44FA-89E8-42BAB34980CC}"
EndProject
Global
	GlobalSection(SolutionConfigurationPlatforms) = preSolution
		Debug|x64 = Debug|x64
		Debug|x86 = Debug|x86
		Release|x64 = Release|x64
		Release|x86 = Release|x86
	EndGlobalSection
	GlobalSection(ProjectConfigurationPlatforms) = postSolution
		{A84E397C-D80B-44FA-89E8-42BAB34980CC}.Debug|x64.ActiveCfg = Debug|x64
		{A84E397C-D80B-44FA-89E8-42BAB34980CC}.Debug|x64.Build.0 = Debug|x64
		{A84E397C-D80B-44FA-89E8-42BAB34980CC}.Debug|x86.ActiveCfg = Debug|Win32
		{A84E397C-D80B-44FA-89E8-42BAB34980CC}.Debug|x86.Build.0 = Debug|Win32
		{A84E397C-D80B-44FA-89E8-42BAB34980CC}.Release|x64.ActiveCfg = Release|x64
		{A84E397C-D80B-44FA-89E8-42BAB34980CC}.Release|x64.Build.0 = Release|x64
		{A84E397C-D80B-44FA-89E8-42BAB34980CC}.Release|x86.ActiveCfg = Release|Win32
		{A84E397C-D80B-44FA-89E8-42BAB34980CC}.Release|x86.Build.0 = Release|Win32
	EndGlobalSection
	GlobalSection(SolutionProperties) = preSolution
		HideSolutionNode = FALSE
	EndGlobalSection
	GlobalSection(ExtensibilityGlobals) = postSolution
		SolutionGuid = {12DF0EB4-B3DA-4426-A7B4-FE652DBC0A8D}
	EndGlobalSection
EndGlobal
